{
  "name": "frontendservice-deprecated",
  "version": "0.0.0",
  "lockfileVersion": 3,
  "requires": true,
  "packages": {
    "": {
      "name": "frontendservice-deprecated",
      "version": "0.0.0",
      "deprecated": true,
      "license": "UNLICENSED"
    },
    "../../../../../../private/tmp/kavia/codegen-1157/.assets/cra-template-kavia": {
      "name": "cra-template",
      "version": "1.2.0",
      "extraneous": true,
      "license": "MIT",
      "engines": {
        "node": ">=14"
      }
    }
  }
}
